
Microsoft Visual Studio Solution File, Format Version 12.00
# Visual Studio Version 16
VisualStudioVersion = 16.0.30011.22
MinimumVisualStudioVersion = 10.0.40219.1
Project("{FAE04EC0-301F-11D3-BF4B-00C04F79EFBC}") = "WebApi", "WebApi\WebApi.csproj", "{479CED2F-3697-4208-B7E5-CFA7323CA187}"
EndProject
Project("{FAE04EC0-301F-11D3-BF4B-00C04F79EFBC}") = "DataAccess.EFCore", "DataAccess.EFCore\DataAccess.EFCore.csproj", "{B26A3CFD-BD6F-440A-A1F0-E4159D0E7840}"
EndProject
Project("{FAE04EC0-301F-11D3-BF4B-00C04F79EFBC}") = "Domain", "Domain\Domain.csproj", "{461289AA-EC6F-4F2D-8D2A-3067FBD07DD1}"
EndProject
Global
	GlobalSection(SolutionConfigurationPlatforms) = preSolution
		Debug|Any CPU = Debug|Any CPU
		Release|Any CPU = Release|Any CPU
	EndGlobalSection
	GlobalSection(ProjectConfigurationPlatforms) = postSolution
		{479CED2F-3697-4208-B7E5-CFA7323CA187}.Debug|Any CPU.ActiveCfg = Debug|Any CPU
		{479CED2F-3697-4208-B7E5-CFA7323CA187}.Debug|Any CPU.Build.0 = Debug|Any CPU
		{479CED2F-3697-4208-B7E5-CFA7323CA187}.Release|Any CPU.ActiveCfg = Release|Any CPU
		{479CED2F-3697-4208-B7E5-CFA7323CA187}.Release|Any CPU.Build.0 = Release|Any CPU
		{B26A3CFD-BD6F-440A-A1F0-E4159D0E7840}.Debug|Any CPU.ActiveCfg = Debug|Any CPU
		{B26A3CFD-BD6F-440A-A1F0-E4159D0E7840}.Debug|Any CPU.Build.0 = Debug|Any CPU
		{B26A3CFD-BD6F-440A-A1F0-E4159D0E7840}.Release|Any CPU.ActiveCfg = Release|Any CPU
		{B26A3CFD-BD6F-440A-A1F0-E4159D0E7840}.Release|Any CPU.Build.0 = Release|Any CPU
		{461289AA-EC6F-4F2D-8D2A-3067FBD07DD1}.Debug|Any CPU.ActiveCfg = Debug|Any CPU
		{461289AA-EC6F-4F2D-8D2A-3067FBD07DD1}.Debug|Any CPU.Build.0 = Debug|Any CPU
		{461289AA-EC6F-4F2D-8D2A-3067FBD07DD1}.Release|Any CPU.ActiveCfg = Release|Any CPU
		{461289AA-EC6F-4F2D-8D2A-3067FBD07DD1}.Release|Any CPU.Build.0 = Release|Any CPU
	EndGlobalSection
	GlobalSection(SolutionProperties) = preSolution
		HideSolutionNode = FALSE
	EndGlobalSection
	GlobalSection(ExtensibilityGlobals) = postSolution
		SolutionGuid = {EEEB4104-5B03-4E4A-A98C-D3AAD12F76B3}
	EndGlobalSection
EndGlobal
